{
  "name": "@date-io/dayjs",
  "version": "1.3.5",
  "lockfileVersion": 1,
  "requires": true,
  "dependencies": {
    "@date-io/core": {
      "version": "1.2.0",
      "resolved": "https://registry.npmjs.org/@date-io/core/-/core-1.2.0.tgz",
      "integrity": "sha512-lp77u8Q0ZP9a8M8CjskVZWxa5U4ixVC7mpsdPKr9kZEYlDPVtk1BXkJrr/Fz4Yt37jz8Al5zYOyr4Q+SMsJwCg=="
    },
    "@types/estree": {
      "version": "0.0.39",
      "resolved": "https://registry.npmjs.org/@types/estree/-/estree-0.0.39.tgz",
      "integrity": "sha512-EYNwp3bU+98cpU4lAWYYL7Zz+2gryWH1qbdDTidVd6hkiR6weksdbMadyXKXNPEkQFhXM+hVO9ZygomHXp+AIw==",
      "dev": true
    },
    "@types/node": {
      "version": "10.12.23",
      "resolved": "https://registry.npmjs.org/@types/node/-/node-10.12.23.tgz",
      "integrity": "sha512-EKhb5NveQ3NlW5EV7B0VRtDKwUfVey8LuJRl9pp5iW0se87/ZqLjG0PMf2MCzPXAJYWZN5Ltg7pHIAf9/Dm1tQ==",
      "dev": true
    },
    "dayjs": {
      "version": "1.8.14",
      "resolved": "https://registry.npmjs.org/dayjs/-/dayjs-1.8.14.tgz",
      "integrity": "sha512-AVhDmRTe541iWirnoeFSSDDGvCT6HWaNQ4z2WmmzXMGZj6ph6ydao2teKq/eUtR43GPJXlYFD+C/SotG1P9wUQ==",
      "dev": true
    },
    "rollup": {
      "version": "0.66.6",
      "resolved": "https://registry.npmjs.org/rollup/-/rollup-0.66.6.tgz",
      "integrity": "sha512-J7/SWanrcb83vfIHqa8+aVVGzy457GcjA6GVZEnD0x2u4OnOd0Q1pCrEoNe8yLwM6z6LZP02zBT2uW0yh5TqOw==",
      "dev": true,
      "requires": {
        "@types/estree": "0.0.39",
        "@types/node": "*"
      }
    },
    "typescript": {
      "version": "3.4.5",
      "resolved": "https://registry.npmjs.org/typescript/-/typescript-3.4.5.tgz",
      "integrity": "sha512-YycBxUb49UUhdNMU5aJ7z5Ej2XGmaIBL0x34vZ82fn3hGvD+bgrMrVDpatgz2f7YxUMJxMkbWxJZeAvDxVe7Vw==",
      "dev": true
    }
  }
}
