{
  "name": "@date-io/dayjs",
  "version": "1.0.4",
  "lockfileVersion": 1,
  "requires": true,
  "dependencies": {
    "@types/estree": {
      "version": "0.0.39",
      "resolved": "https://registry.npmjs.org/@types/estree/-/estree-0.0.39.tgz",
      "integrity": "sha512-EYNwp3bU+98cpU4lAWYYL7Zz+2gryWH1qbdDTidVd6hkiR6weksdbMadyXKXNPEkQFhXM+hVO9ZygomHXp+AIw==",
      "dev": true
    },
    "@types/node": {
      "version": "10.12.23",
      "resolved": "https://registry.npmjs.org/@types/node/-/node-10.12.23.tgz",
      "integrity": "sha512-EKhb5NveQ3NlW5EV7B0VRtDKwUfVey8LuJRl9pp5iW0se87/ZqLjG0PMf2MCzPXAJYWZN5Ltg7pHIAf9/Dm1tQ==",
      "dev": true
    },
    "dayjs": {
      "version": "1.8.5",
      "resolved": "https://registry.npmjs.org/dayjs/-/dayjs-1.8.5.tgz",
      "integrity": "sha512-jo5sEFdsT43RqXxoqQVEuD7XL6iSIRxcjTgheJdlV0EHKObKP3pb9JcJEv/KStVMy25ABNQrFnplKcCit05vOA==",
      "dev": true
    },
    "rollup": {
      "version": "0.66.6",
      "resolved": "https://registry.npmjs.org/rollup/-/rollup-0.66.6.tgz",
      "integrity": "sha512-J7/SWanrcb83vfIHqa8+aVVGzy457GcjA6GVZEnD0x2u4OnOd0Q1pCrEoNe8yLwM6z6LZP02zBT2uW0yh5TqOw==",
      "dev": true,
      "requires": {
        "@types/estree": "0.0.39",
        "@types/node": "*"
      }
    },
    "typescript": {
      "version": "3.3.3",
      "resolved": "https://registry.npmjs.org/typescript/-/typescript-3.3.3.tgz",
      "integrity": "sha512-Y21Xqe54TBVp+VDSNbuDYdGw0BpoR/Q6wo/+35M8PAU0vipahnyduJWirxxdxjsAkS7hue53x2zp8gz7F05u0A==",
      "dev": true
    }
  }
}
