{
  "name": "@date-io/date-fns",
  "version": "1.0.0",
  "lockfileVersion": 1,
  "requires": true,
  "dependencies": {
    "date-fns": {
      "version": "2.0.0-alpha.21",
      "resolved": "https://registry.npmjs.org/date-fns/-/date-fns-2.0.0-alpha.21.tgz",
      "integrity": "sha512-QL6ZzDhQVAGzYElbGcMCCwDhobclw5jIJG9oD9n0kA8+PLNqtP/V76vkzUXvOiXm421aAXjLFgo3o3cq33cdew==",
      "dev": true
    }
  }
}
