{
  "name": "date-io-benchmark",
  "version": "1.0.0",
  "lockfileVersion": 1,
  "requires": true,
  "dependencies": {
    "@date-io/date-fns": {
      "version": "1.1.0",
      "requires": {
        "@date-io/core": "^1.1.0"
      },
      "dependencies": {
        "@date-io/core": {
          "version": "1.1.0",
          "bundled": true,
          "dependencies": {
            "@types/date-fns": {
              "version": "2.6.0",
              "bundled": true,
              "requires": {
                "date-fns": "*"
              }
            },
            "@types/estree": {
              "version": "0.0.39",
              "bundled": true
            },
            "@types/node": {
              "version": "10.12.1",
              "bundled": true
            },
            "date-fns": {
              "version": "1.29.0",
              "bundled": true
            },
            "rollup": {
              "version": "0.66.6",
              "bundled": true,
              "requires": {
                "@types/estree": "0.0.39",
                "@types/node": "*"
              }
            },
            "typescript": {
              "version": "3.2.4",
              "bundled": true
            }
          }
        },
        "@types/estree": {
          "version": "0.0.39",
          "bundled": true
        },
        "@types/node": {
          "version": "10.12.1",
          "bundled": true
        },
        "date-fns": {
          "version": "2.0.0-alpha.27",
          "bundled": true
        },
        "rollup": {
          "version": "0.66.6",
          "bundled": true,
          "requires": {
            "@types/estree": "0.0.39",
            "@types/node": "*"
          }
        },
        "typescript": {
          "version": "3.2.4",
          "bundled": true
        }
      }
    },
    "@date-io/dayjs": {
      "version": "1.1.0",
      "requires": {
        "@date-io/core": "^1.1.0"
      },
      "dependencies": {
        "@date-io/core": {
          "version": "1.1.0",
          "bundled": true,
          "dependencies": {
            "@types/date-fns": {
              "version": "2.6.0",
              "bundled": true,
              "requires": {
                "date-fns": "*"
              }
            },
            "@types/estree": {
              "version": "0.0.39",
              "bundled": true
            },
            "@types/node": {
              "version": "10.12.1",
              "bundled": true
            },
            "date-fns": {
              "version": "1.29.0",
              "bundled": true
            },
            "rollup": {
              "version": "0.66.6",
              "bundled": true,
              "requires": {
                "@types/estree": "0.0.39",
                "@types/node": "*"
              }
            },
            "typescript": {
              "version": "3.2.4",
              "bundled": true
            }
          }
        },
        "@types/estree": {
          "version": "0.0.39",
          "bundled": true
        },
        "@types/node": {
          "version": "10.12.23",
          "bundled": true
        },
        "dayjs": {
          "version": "1.8.5",
          "bundled": true
        },
        "rollup": {
          "version": "0.66.6",
          "bundled": true,
          "requires": {
            "@types/estree": "0.0.39",
            "@types/node": "*"
          }
        },
        "typescript": {
          "version": "3.3.3",
          "bundled": true
        }
      }
    },
    "@date-io/luxon": {
      "version": "1.1.0",
      "requires": {
        "@date-io/core": "^1.1.0"
      },
      "dependencies": {
        "@date-io/core": {
          "version": "1.1.0",
          "bundled": true,
          "dependencies": {
            "@types/date-fns": {
              "version": "2.6.0",
              "bundled": true,
              "requires": {
                "date-fns": "*"
              }
            },
            "@types/estree": {
              "version": "0.0.39",
              "bundled": true
            },
            "@types/node": {
              "version": "10.12.1",
              "bundled": true
            },
            "date-fns": {
              "version": "1.29.0",
              "bundled": true
            },
            "rollup": {
              "version": "0.66.6",
              "bundled": true,
              "requires": {
                "@types/estree": "0.0.39",
                "@types/node": "*"
              }
            },
            "typescript": {
              "version": "3.2.4",
              "bundled": true
            }
          }
        },
        "@types/estree": {
          "version": "0.0.39",
          "bundled": true
        },
        "@types/luxon": {
          "version": "1.4.0",
          "bundled": true
        },
        "@types/node": {
          "version": "10.12.1",
          "bundled": true
        },
        "luxon": {
          "version": "1.4.4",
          "bundled": true
        },
        "rollup": {
          "version": "0.66.6",
          "bundled": true,
          "requires": {
            "@types/estree": "0.0.39",
            "@types/node": "*"
          }
        },
        "typescript": {
          "version": "3.2.4",
          "bundled": true
        }
      }
    },
    "@date-io/moment": {
      "version": "1.1.0",
      "requires": {
        "@date-io/core": "^1.1.0"
      },
      "dependencies": {
        "@date-io/core": {
          "version": "1.1.0",
          "bundled": true,
          "dependencies": {
            "@types/date-fns": {
              "version": "2.6.0",
              "bundled": true,
              "requires": {
                "date-fns": "*"
              }
            },
            "@types/estree": {
              "version": "0.0.39",
              "bundled": true
            },
            "@types/node": {
              "version": "10.12.1",
              "bundled": true
            },
            "date-fns": {
              "version": "1.29.0",
              "bundled": true
            },
            "rollup": {
              "version": "0.66.6",
              "bundled": true,
              "requires": {
                "@types/estree": "0.0.39",
                "@types/node": "*"
              }
            },
            "typescript": {
              "version": "3.2.4",
              "bundled": true
            }
          }
        },
        "@types/estree": {
          "version": "0.0.39",
          "bundled": true
        },
        "@types/node": {
          "version": "10.12.1",
          "bundled": true
        },
        "moment": {
          "version": "2.22.2",
          "bundled": true
        },
        "rollup": {
          "version": "0.66.6",
          "bundled": true,
          "requires": {
            "@types/estree": "0.0.39",
            "@types/node": "*"
          }
        },
        "typescript": {
          "version": "3.2.4",
          "bundled": true
        }
      }
    },
    "benchmark": {
      "version": "2.1.4",
      "resolved": "https://registry.npmjs.org/benchmark/-/benchmark-2.1.4.tgz",
      "integrity": "sha1-CfPeMckWQl1JjMLuVloOvzwqVik=",
      "requires": {
        "lodash": "^4.17.4",
        "platform": "^1.3.3"
      }
    },
    "lodash": {
      "version": "4.17.11",
      "resolved": "https://registry.npmjs.org/lodash/-/lodash-4.17.11.tgz",
      "integrity": "sha512-cQKh8igo5QUhZ7lg38DYWAxMvjSAKG0A8wGSVimP07SIUEK2UO+arSRKbRZWtelMtN5V0Hkwh5ryOto/SshYIg=="
    },
    "platform": {
      "version": "1.3.5",
      "resolved": "https://registry.npmjs.org/platform/-/platform-1.3.5.tgz",
      "integrity": "sha512-TuvHS8AOIZNAlE77WUDiR4rySV/VMptyMfcfeoMgs4P8apaZM3JrnbzBiixKUv+XR6i+BXrQh8WAnjaSPFO65Q=="
    }
  }
}
