{
  "name": "@date-io/luxon",
  "version": "1.0.3",
  "lockfileVersion": 1,
  "requires": true,
  "dependencies": {
    "@date-io/core": {
      "version": "1.0.3",
      "resolved": "https://registry.npmjs.org/@date-io/core/-/core-1.0.3.tgz",
      "integrity": "sha512-MHxCPkj13zIOR7UhxLPsAbNK6skn+2rv/zV7kXPyB3e+3AUCGZHnuBz0r1OYkg/9RcqGdFKy7PuTKe5dz1Bx3w=="
    },
    "@types/estree": {
      "version": "0.0.39",
      "resolved": "https://registry.npmjs.org/@types/estree/-/estree-0.0.39.tgz",
      "integrity": "sha512-EYNwp3bU+98cpU4lAWYYL7Zz+2gryWH1qbdDTidVd6hkiR6weksdbMadyXKXNPEkQFhXM+hVO9ZygomHXp+AIw==",
      "dev": true
    },
    "@types/luxon": {
      "version": "1.4.0",
      "resolved": "https://registry.npmjs.org/@types/luxon/-/luxon-1.4.0.tgz",
      "integrity": "sha512-jECW+lbzPICLGqN/dBdX6Lwn5s84okwM2EVjcYim7hkh5+Ebej8kjxY7InBlsORNjGe8v7lPpd/88a0qkoEcuA==",
      "dev": true
    },
    "@types/node": {
      "version": "10.12.1",
      "resolved": "https://registry.npmjs.org/@types/node/-/node-10.12.1.tgz",
      "integrity": "sha512-i1sl+WCX2OCHeUi9oi7PiCNUtYFrpWhpcx878vpeq/tlZTKzcFdHePlyFHVbWqeuKN0SRPl/9ZFDSTsfv9h7VQ==",
      "dev": true
    },
    "luxon": {
      "version": "1.4.4",
      "resolved": "https://registry.npmjs.org/luxon/-/luxon-1.4.4.tgz",
      "integrity": "sha512-M21p8nbKZRLqVnQ0XAhhCo+2Z3Z6+zm9tuogDMZ2vlkFkw8AREF+d5/abn8tz1/ycu4cemNlqcQcc7HqjhrpTw==",
      "dev": true
    },
    "rollup": {
      "version": "0.66.6",
      "resolved": "https://registry.npmjs.org/rollup/-/rollup-0.66.6.tgz",
      "integrity": "sha512-J7/SWanrcb83vfIHqa8+aVVGzy457GcjA6GVZEnD0x2u4OnOd0Q1pCrEoNe8yLwM6z6LZP02zBT2uW0yh5TqOw==",
      "dev": true,
      "requires": {
        "@types/estree": "0.0.39",
        "@types/node": "*"
      }
    },
    "typescript": {
      "version": "3.2.4",
      "resolved": "https://registry.npmjs.org/typescript/-/typescript-3.2.4.tgz",
      "integrity": "sha512-0RNDbSdEokBeEAkgNbxJ+BLwSManFy9TeXz8uW+48j/xhEXv1ePME60olyzw2XzUqUBNAYFeJadIqAgNqIACwg==",
      "dev": true
    }
  }
}
