{
  "name": "@date-io/luxon",
  "version": "1.0.0",
  "lockfileVersion": 1,
  "requires": true,
  "dependencies": {
    "@types/luxon": {
      "version": "1.4.0",
      "resolved": "https://registry.npmjs.org/@types/luxon/-/luxon-1.4.0.tgz",
      "integrity": "sha512-jECW+lbzPICLGqN/dBdX6Lwn5s84okwM2EVjcYim7hkh5+Ebej8kjxY7InBlsORNjGe8v7lPpd/88a0qkoEcuA==",
      "dev": true
    },
    "luxon": {
      "version": "1.4.4",
      "resolved": "https://registry.npmjs.org/luxon/-/luxon-1.4.4.tgz",
      "integrity": "sha512-M21p8nbKZRLqVnQ0XAhhCo+2Z3Z6+zm9tuogDMZ2vlkFkw8AREF+d5/abn8tz1/ycu4cemNlqcQcc7HqjhrpTw==",
      "dev": true
    }
  }
}
